
Microsoft Visual Studio Solution File, Format Version 12.00
# Visual Studio 15
VisualStudioVersion = 15.0.28307.1267
MinimumVisualStudioVersion = 10.0.40219.1
Project("{FAE04EC0-301F-11D3-BF4B-00C04F79EFBC}") = "StorageApp", "StorageApp\StorageApp.csproj", "{C67E3CD2-CBE9-4E8D-AE5F-BD46794C005F}"
EndProject
Global
	GlobalSection(SolutionConfigurationPlatforms) = preSolution
		Debug|Any CPU = Debug|Any CPU
		Release|Any CPU = Release|Any CPU
	EndGlobalSection
	GlobalSection(ProjectConfigurationPlatforms) = postSolution
		{C67E3CD2-CBE9-4E8D-AE5F-BD46794C005F}.Debug|Any CPU.ActiveCfg = Debug|Any CPU
		{C67E3CD2-CBE9-4E8D-AE5F-BD46794C005F}.Debug|Any CPU.Build.0 = Debug|Any CPU
		{C67E3CD2-CBE9-4E8D-AE5F-BD46794C005F}.Release|Any CPU.ActiveCfg = Release|Any CPU
		{C67E3CD2-CBE9-4E8D-AE5F-BD46794C005F}.Release|Any CPU.Build.0 = Release|Any CPU
	EndGlobalSection
	GlobalSection(SolutionProperties) = preSolution
		HideSolutionNode = FALSE
	EndGlobalSection
	GlobalSection(ExtensibilityGlobals) = postSolution
		SolutionGuid = {A99B32C0-5CD0-4A9F-AE11-8BC7E1B790E8}
	EndGlobalSection
EndGlobal
